// !$*UTF8*$!
{
	archiveVersion = 1;
	classes = {
	};
	objectVersion = 50;
	objects = {

/* Begin PBXBuildFile section */
		5B12A5DC27FF4D3A0017CA72 /* FilmDetay.swift in Sources */ = {isa = PBXBuildFile; fileRef = 5B12A5DB27FF4D3A0017CA72 /* FilmDetay.swift */; };
		5B12A5E027FF5B2F0017CA72 /* FilmDetayModelView.swift in Sources */ = {isa = PBXBuildFile; fileRef = 5B12A5DF27FF5B2F0017CA72 /* FilmDetayModelView.swift */; };
		5B2E2B7827FB45F700065ECC /* DownloaderClient.swift in Sources */ = {isa = PBXBuildFile; fileRef = 5B2E2B7727FB45F700065ECC /* DownloaderClient.swift */; };
		5B45896B27FC41DA0062FF61 /* FilmViewModel.swift in Sources */ = {isa = PBXBuildFile; fileRef = 5B45896A27FC41DA0062FF61 /* FilmViewModel.swift */; };
		5B499C7C27FEF58A00085ED6 /* ImageDownloaderClient.swift in Sources */ = {isa = PBXBuildFile; fileRef = 5B499C7B27FEF58A00085ED6 /* ImageDownloaderClient.swift */; };
		5B499C7E27FEF89000085ED6 /* OzelImage.swift in Sources */ = {isa = PBXBuildFile; fileRef = 5B499C7D27FEF89000085ED6 /* OzelImage.swift */; };
		5B8B21A227FF61340035751C /* DetayView.swift in Sources */ = {isa = PBXBuildFile; fileRef = 5B8B21A127FF61340035751C /* DetayView.swift */; };
		5BB81E0F27FB03BB00CB5989 /* FilmAramaSwiftUIApp.swift in Sources */ = {isa = PBXBuildFile; fileRef = 5BB81E0E27FB03BB00CB5989 /* FilmAramaSwiftUIApp.swift */; };
		5BB81E1127FB03BB00CB5989 /* FilmListeView.swift in Sources */ = {isa = PBXBuildFile; fileRef = 5BB81E1027FB03BB00CB5989 /* FilmListeView.swift */; };
		5BB81E1327FB03BD00CB5989 /* Assets.xcassets in Resources */ = {isa = PBXBuildFile; fileRef = 5BB81E1227FB03BD00CB5989 /* Assets.xcassets */; };
		5BB81E1627FB03BD00CB5989 /* Preview Assets.xcassets in Resources */ = {isa = PBXBuildFile; fileRef = 5BB81E1527FB03BD00CB5989 /* Preview Assets.xcassets */; };
		5BB81E2227FB048B00CB5989 /* Film.swift in Sources */ = {isa = PBXBuildFile; fileRef = 5BB81E2127FB048B00CB5989 /* Film.swift */; };
/* End PBXBuildFile section */

/* Begin PBXFileReference section */
		5B12A5DB27FF4D3A0017CA72 /* FilmDetay.swift */ = {isa = PBXFileReference; lastKnownFileType = sourcecode.swift; path = FilmDetay.swift; sourceTree = "<group>"; };
		5B12A5DF27FF5B2F0017CA72 /* FilmDetayModelView.swift */ = {isa = PBXFileReference; lastKnownFileType = sourcecode.swift; path = FilmDetayModelView.swift; sourceTree = "<group>"; };
		5B2E2B7727FB45F700065ECC /* DownloaderClient.swift */ = {isa = PBXFileReference; lastKnownFileType = sourcecode.swift; path = DownloaderClient.swift; sourceTree = "<group>"; };
		5B45896A27FC41DA0062FF61 /* FilmViewModel.swift */ = {isa = PBXFileReference; lastKnownFileType = sourcecode.swift; path = FilmViewModel.swift; sourceTree = "<group>"; };
		5B499C7B27FEF58A00085ED6 /* ImageDownloaderClient.swift */ = {isa = PBXFileReference; lastKnownFileType = sourcecode.swift; path = ImageDownloaderClient.swift; sourceTree = "<group>"; };
		5B499C7D27FEF89000085ED6 /* OzelImage.swift */ = {isa = PBXFileReference; lastKnownFileType = sourcecode.swift; path = OzelImage.swift; sourceTree = "<group>"; };
		5B8B21A127FF61340035751C /* DetayView.swift */ = {isa = PBXFileReference; lastKnownFileType = sourcecode.swift; path = DetayView.swift; sourceTree = "<group>"; };
		5BB81E0B27FB03BB00CB5989 /* FİlmAramaSwiftUI.app */ = {isa = PBXFileReference; explicitFileType = wrapper.application; includeInIndex = 0; path = "FİlmAramaSwiftUI.app"; sourceTree = BUILT_PRODUCTS_DIR; };
		5BB81E0E27FB03BB00CB5989 /* FilmAramaSwiftUIApp.swift */ = {isa = PBXFileReference; lastKnownFileType = sourcecode.swift; path = FilmAramaSwiftUIApp.swift; sourceTree = "<group>"; };
		5BB81E1027FB03BB00CB5989 /* FilmListeView.swift */ = {isa = PBXFileReference; lastKnownFileType = sourcecode.swift; path = FilmListeView.swift; sourceTree = "<group>"; };
		5BB81E1227FB03BD00CB5989 /* Assets.xcassets */ = {isa = PBXFileReference; lastKnownFileType = folder.assetcatalog; path = Assets.xcassets; sourceTree = "<group>"; };
		5BB81E1527FB03BD00CB5989 /* Preview Assets.xcassets */ = {isa = PBXFileReference; lastKnownFileType = folder.assetcatalog; path = "Preview Assets.xcassets"; sourceTree = "<group>"; };
		5BB81E1727FB03BD00CB5989 /* Info.plist */ = {isa = PBXFileReference; lastKnownFileType = text.plist.xml; path = Info.plist; sourceTree = "<group>"; };
		5BB81E2127FB048B00CB5989 /* Film.swift */ = {isa = PBXFileReference; lastKnownFileType = sourcecode.swift; path = Film.swift; sourceTree = "<group>"; };
/* End PBXFileReference section */

/* Begin PBXFrameworksBuildPhase section */
		5BB81E0827FB03BB00CB5989 /* Frameworks */ = {
			isa = PBXFrameworksBuildPhase;
			buildActionMask = 2147483647;
			files = (
			);
			runOnlyForDeploymentPostprocessing = 0;
		};
/* End PBXFrameworksBuildPhase section */

/* Begin PBXGroup section */
		5B2E2B7627FB452200065ECC /* Services */ = {
			isa = PBXGroup;
			children = (
				5B2E2B7727FB45F700065ECC /* DownloaderClient.swift */,
				5B499C7B27FEF58A00085ED6 /* ImageDownloaderClient.swift */,
			);
			path = Services;
			sourceTree = "<group>";
		};
		5BB81E0227FB03BB00CB5989 = {
			isa = PBXGroup;
			children = (
				5BB81E0D27FB03BB00CB5989 /* FİlmAramaSwiftUI */,
				5BB81E0C27FB03BB00CB5989 /* Products */,
			);
			sourceTree = "<group>";
		};
		5BB81E0C27FB03BB00CB5989 /* Products */ = {
			isa = PBXGroup;
			children = (
				5BB81E0B27FB03BB00CB5989 /* FİlmAramaSwiftUI.app */,
			);
			name = Products;
			sourceTree = "<group>";
		};
		5BB81E0D27FB03BB00CB5989 /* FİlmAramaSwiftUI */ = {
			isa = PBXGroup;
			children = (
				5B2E2B7627FB452200065ECC /* Services */,
				5BB81E2027FB046900CB5989 /* App */,
				5BB81E1F27FB044900CB5989 /* View */,
				5BB81E1E27FB042F00CB5989 /* ModelView */,
				5BB81E1D27FB041D00CB5989 /* Model */,
				5BB81E1227FB03BD00CB5989 /* Assets.xcassets */,
				5BB81E1727FB03BD00CB5989 /* Info.plist */,
				5BB81E1427FB03BD00CB5989 /* Preview Content */,
			);
			path = "FİlmAramaSwiftUI";
			sourceTree = "<group>";
		};
		5BB81E1427FB03BD00CB5989 /* Preview Content */ = {
			isa = PBXGroup;
			children = (
				5BB81E1527FB03BD00CB5989 /* Preview Assets.xcassets */,
			);
			path = "Preview Content";
			sourceTree = "<group>";
		};
		5BB81E1D27FB041D00CB5989 /* Model */ = {
			isa = PBXGroup;
			children = (
				5BB81E2127FB048B00CB5989 /* Film.swift */,
				5B12A5DB27FF4D3A0017CA72 /* FilmDetay.swift */,
			);
			path = Model;
			sourceTree = "<group>";
		};
		5BB81E1E27FB042F00CB5989 /* ModelView */ = {
			isa = PBXGroup;
			children = (
				5B45896A27FC41DA0062FF61 /* FilmViewModel.swift */,
				5B12A5DF27FF5B2F0017CA72 /* FilmDetayModelView.swift */,
			);
			name = ModelView;
			path = "ModelVİew";
			sourceTree = "<group>";
		};
		5BB81E1F27FB044900CB5989 /* View */ = {
			isa = PBXGroup;
			children = (
				5BB81E1027FB03BB00CB5989 /* FilmListeView.swift */,
				5B499C7D27FEF89000085ED6 /* OzelImage.swift */,
				5B8B21A127FF61340035751C /* DetayView.swift */,
			);
			name = View;
			path = "Vİew";
			sourceTree = "<group>";
		};
		5BB81E2027FB046900CB5989 /* App */ = {
			isa = PBXGroup;
			children = (
				5BB81E0E27FB03BB00CB5989 /* FilmAramaSwiftUIApp.swift */,
			);
			path = App;
			sourceTree = "<group>";
		};
/* End PBXGroup section */

/* Begin PBXNativeTarget section */
		5BB81E0A27FB03BB00CB5989 /* FİlmAramaSwiftUI */ = {
			isa = PBXNativeTarget;
			buildConfigurationList = 5BB81E1A27FB03BD00CB5989 /* Build configuration list for PBXNativeTarget "FİlmAramaSwiftUI" */;
			buildPhases = (
				5BB81E0727FB03BB00CB5989 /* Sources */,
				5BB81E0827FB03BB00CB5989 /* Frameworks */,
				5BB81E0927FB03BB00CB5989 /* Resources */,
			);
			buildRules = (
			);
			dependencies = (
			);
			name = "FİlmAramaSwiftUI";
			productName = "FİlmAramaSwiftUI";
			productReference = 5BB81E0B27FB03BB00CB5989 /* FİlmAramaSwiftUI.app */;
			productType = "com.apple.product-type.application";
		};
/* End PBXNativeTarget section */

/* Begin PBXProject section */
		5BB81E0327FB03BB00CB5989 /* Project object */ = {
			isa = PBXProject;
			attributes = {
				LastSwiftUpdateCheck = 1250;
				LastUpgradeCheck = 1250;
				TargetAttributes = {
					5BB81E0A27FB03BB00CB5989 = {
						CreatedOnToolsVersion = 12.5.1;
					};
				};
			};
			buildConfigurationList = 5BB81E0627FB03BB00CB5989 /* Build configuration list for PBXProject "FİlmAramaSwiftUI" */;
			compatibilityVersion = "Xcode 9.3";
			developmentRegion = en;
			hasScannedForEncodings = 0;
			knownRegions = (
				en,
				Base,
			);
			mainGroup = 5BB81E0227FB03BB00CB5989;
			productRefGroup = 5BB81E0C27FB03BB00CB5989 /* Products */;
			projectDirPath = "";
			projectRoot = "";
			targets = (
				5BB81E0A27FB03BB00CB5989 /* FİlmAramaSwiftUI */,
			);
		};
/* End PBXProject section */

/* Begin PBXResourcesBuildPhase section */
		5BB81E0927FB03BB00CB5989 /* Resources */ = {
			isa = PBXResourcesBuildPhase;
			buildActionMask = 2147483647;
			files = (
				5BB81E1627FB03BD00CB5989 /* Preview Assets.xcassets in Resources */,
				5BB81E1327FB03BD00CB5989 /* Assets.xcassets in Resources */,
			);
			runOnlyForDeploymentPostprocessing = 0;
		};
/* End PBXResourcesBuildPhase section */

/* Begin PBXSourcesBuildPhase section */
		5BB81E0727FB03BB00CB5989 /* Sources */ = {
			isa = PBXSourcesBuildPhase;
			buildActionMask = 2147483647;
			files = (
				5B8B21A227FF61340035751C /* DetayView.swift in Sources */,
				5BB81E1127FB03BB00CB5989 /* FilmListeView.swift in Sources */,
				5B12A5DC27FF4D3A0017CA72 /* FilmDetay.swift in Sources */,
				5BB81E2227FB048B00CB5989 /* Film.swift in Sources */,
				5B499C7E27FEF89000085ED6 /* OzelImage.swift in Sources */,
				5B45896B27FC41DA0062FF61 /* FilmViewModel.swift in Sources */,
				5BB81E0F27FB03BB00CB5989 /* FilmAramaSwiftUIApp.swift in Sources */,
				5B12A5E027FF5B2F0017CA72 /* FilmDetayModelView.swift in Sources */,
				5B2E2B7827FB45F700065ECC /* DownloaderClient.swift in Sources */,
				5B499C7C27FEF58A00085ED6 /* ImageDownloaderClient.swift in Sources */,
			);
			runOnlyForDeploymentPostprocessing = 0;
		};
/* End PBXSourcesBuildPhase section */

/* Begin XCBuildConfiguration section */
		5BB81E1827FB03BD00CB5989 /* Debug */ = {
			isa = XCBuildConfiguration;
			buildSettings = {
				ALWAYS_SEARCH_USER_PATHS = NO;
				CLANG_ANALYZER_NONNULL = YES;
				CLANG_ANALYZER_NUMBER_OBJECT_CONVERSION = YES_AGGRESSIVE;
				CLANG_CXX_LANGUAGE_STANDARD = "gnu++14";
				CLANG_CXX_LIBRARY = "libc++";
				CLANG_ENABLE_MODULES = YES;
				CLANG_ENABLE_OBJC_ARC = YES;
				CLANG_ENABLE_OBJC_WEAK = YES;
				CLANG_WARN_BLOCK_CAPTURE_AUTORELEASING = YES;
				CLANG_WARN_BOOL_CONVERSION = YES;
				CLANG_WARN_COMMA = YES;
				CLANG_WARN_CONSTANT_CONVERSION = YES;
				CLANG_WARN_DEPRECATED_OBJC_IMPLEMENTATIONS = YES;
				CLANG_WARN_DIRECT_OBJC_ISA_USAGE = YES_ERROR;
				CLANG_WARN_DOCUMENTATION_COMMENTS = YES;
				CLANG_WARN_EMPTY_BODY = YES;
				CLANG_WARN_ENUM_CONVERSION = YES;
				CLANG_WARN_INFINITE_RECURSION = YES;
				CLANG_WARN_INT_CONVERSION = YES;
				CLANG_WARN_NON_LITERAL_NULL_CONVERSION = YES;
				CLANG_WARN_OBJC_IMPLICIT_RETAIN_SELF = YES;
				CLANG_WARN_OBJC_LITERAL_CONVERSION = YES;
				CLANG_WARN_OBJC_ROOT_CLASS = YES_ERROR;
				CLANG_WARN_QUOTED_INCLUDE_IN_FRAMEWORK_HEADER = YES;
				CLANG_WARN_RANGE_LOOP_ANALYSIS = YES;
				CLANG_WARN_STRICT_PROTOTYPES = YES;
				CLANG_WARN_SUSPICIOUS_MOVE = YES;
				CLANG_WARN_UNGUARDED_AVAILABILITY = YES_AGGRESSIVE;
				CLANG_WARN_UNREACHABLE_CODE = YES;
				CLANG_WARN__DUPLICATE_METHOD_MATCH = YES;
				COPY_PHASE_STRIP = NO;
				DEBUG_INFORMATION_FORMAT = dwarf;
				ENABLE_STRICT_OBJC_MSGSEND = YES;
				ENABLE_TESTABILITY = YES;
				GCC_C_LANGUAGE_STANDARD = gnu11;
				GCC_DYNAMIC_NO_PIC = NO;
				GCC_NO_COMMON_BLOCKS = YES;
				GCC_OPTIMIZATION_LEVEL = 0;
				GCC_PREPROCESSOR_DEFINITIONS = (
					"DEBUG=1",
					"$(inherited)",
				);
				GCC_WARN_64_TO_32_BIT_CONVERSION = YES;
				GCC_WARN_ABOUT_RETURN_TYPE = YES_ERROR;
				GCC_WARN_UNDECLARED_SELECTOR = YES;
				GCC_WARN_UNINITIALIZED_AUTOS = YES_AGGRESSIVE;
				GCC_WARN_UNUSED_FUNCTION = YES;
				GCC_WARN_UNUSED_VARIABLE = YES;
				IPHONEOS_DEPLOYMENT_TARGET = 14.5;
				MTL_ENABLE_DEBUG_INFO = INCLUDE_SOURCE;
				MTL_FAST_MATH = YES;
				ONLY_ACTIVE_ARCH = YES;
				SDKROOT = iphoneos;
				SWIFT_ACTIVE_COMPILATION_CONDITIONS = DEBUG;
				SWIFT_OPTIMIZATION_LEVEL = "-Onone";
			};
			name = Debug;
		};
		5BB81E1927FB03BD00CB5989 /* Release */ = {
			isa = XCBuildConfiguration;
			buildSettings = {
				ALWAYS_SEARCH_USER_PATHS = NO;
				CLANG_ANALYZER_NONNULL = YES;
				CLANG_ANALYZER_NUMBER_OBJECT_CONVERSION = YES_AGGRESSIVE;
				CLANG_CXX_LANGUAGE_STANDARD = "gnu++14";
				CLANG_CXX_LIBRARY = "libc++";
				CLANG_ENABLE_MODULES = YES;
				CLANG_ENABLE_OBJC_ARC = YES;
				CLANG_ENABLE_OBJC_WEAK = YES;
				CLANG_WARN_BLOCK_CAPTURE_AUTORELEASING = YES;
				CLANG_WARN_BOOL_CONVERSION = YES;
				CLANG_WARN_COMMA = YES;
				CLANG_WARN_CONSTANT_CONVERSION = YES;
				CLANG_WARN_DEPRECATED_OBJC_IMPLEMENTATIONS = YES;
				CLANG_WARN_DIRECT_OBJC_ISA_USAGE = YES_ERROR;
				CLANG_WARN_DOCUMENTATION_COMMENTS = YES;
				CLANG_WARN_EMPTY_BODY = YES;
				CLANG_WARN_ENUM_CONVERSION = YES;
				CLANG_WARN_INFINITE_RECURSION = YES;
				CLANG_WARN_INT_CONVERSION = YES;
				CLANG_WARN_NON_LITERAL_NULL_CONVERSION = YES;
				CLANG_WARN_OBJC_IMPLICIT_RETAIN_SELF = YES;
				CLANG_WARN_OBJC_LITERAL_CONVERSION = YES;
				CLANG_WARN_OBJC_ROOT_CLASS = YES_ERROR;
				CLANG_WARN_QUOTED_INCLUDE_IN_FRAMEWORK_HEADER = YES;
				CLANG_WARN_RANGE_LOOP_ANALYSIS = YES;
				CLANG_WARN_STRICT_PROTOTYPES = YES;
				CLANG_WARN_SUSPICIOUS_MOVE = YES;
				CLANG_WARN_UNGUARDED_AVAILABILITY = YES_AGGRESSIVE;
				CLANG_WARN_UNREACHABLE_CODE = YES;
				CLANG_WARN__DUPLICATE_METHOD_MATCH = YES;
				COPY_PHASE_STRIP = NO;
				DEBUG_INFORMATION_FORMAT = "dwarf-with-dsym";
				ENABLE_NS_ASSERTIONS = NO;
				ENABLE_STRICT_OBJC_MSGSEND = YES;
				GCC_C_LANGUAGE_STANDARD = gnu11;
				GCC_NO_COMMON_BLOCKS = YES;
				GCC_WARN_64_TO_32_BIT_CONVERSION = YES;
				GCC_WARN_ABOUT_RETURN_TYPE = YES_ERROR;
				GCC_WARN_UNDECLARED_SELECTOR = YES;
				GCC_WARN_UNINITIALIZED_AUTOS = YES_AGGRESSIVE;
				GCC_WARN_UNUSED_FUNCTION = YES;
				GCC_WARN_UNUSED_VARIABLE = YES;
				IPHONEOS_DEPLOYMENT_TARGET = 14.5;
				MTL_ENABLE_DEBUG_INFO = NO;
				MTL_FAST_MATH = YES;
				SDKROOT = iphoneos;
				SWIFT_COMPILATION_MODE = wholemodule;
				SWIFT_OPTIMIZATION_LEVEL = "-O";
				VALIDATE_PRODUCT = YES;
			};
			name = Release;
		};
		5BB81E1B27FB03BD00CB5989 /* Debug */ = {
			isa = XCBuildConfiguration;
			buildSettings = {
				ASSETCATALOG_COMPILER_APPICON_NAME = AppIcon;
				ASSETCATALOG_COMPILER_GLOBAL_ACCENT_COLOR_NAME = AccentColor;
				CODE_SIGN_STYLE = Automatic;
				DEVELOPMENT_ASSET_PATHS = "\"FİlmAramaSwiftUI/Preview Content\"";
				DEVELOPMENT_TEAM = 4SJ82Z4WX2;
				ENABLE_PREVIEWS = YES;
				INFOPLIST_FILE = "FİlmAramaSwiftUI/Info.plist";
				IPHONEOS_DEPLOYMENT_TARGET = 14.0;
				LD_RUNPATH_SEARCH_PATHS = (
					"$(inherited)",
					"@executable_path/Frameworks",
				);
				PRODUCT_BUNDLE_IDENTIFIER = "brtyvz.FI-lmAramaSwiftUI";
				PRODUCT_NAME = "$(TARGET_NAME)";
				SWIFT_VERSION = 5.0;
				TARGETED_DEVICE_FAMILY = "1,2";
			};
			name = Debug;
		};
		5BB81E1C27FB03BD00CB5989 /* Release */ = {
			isa = XCBuildConfiguration;
			buildSettings = {
				ASSETCATALOG_COMPILER_APPICON_NAME = AppIcon;
				ASSETCATALOG_COMPILER_GLOBAL_ACCENT_COLOR_NAME = AccentColor;
				CODE_SIGN_STYLE = Automatic;
				DEVELOPMENT_ASSET_PATHS = "\"FİlmAramaSwiftUI/Preview Content\"";
				DEVELOPMENT_TEAM = 4SJ82Z4WX2;
				ENABLE_PREVIEWS = YES;
				INFOPLIST_FILE = "FİlmAramaSwiftUI/Info.plist";
				IPHONEOS_DEPLOYMENT_TARGET = 14.0;
				LD_RUNPATH_SEARCH_PATHS = (
					"$(inherited)",
					"@executable_path/Frameworks",
				);
				PRODUCT_BUNDLE_IDENTIFIER = "brtyvz.FI-lmAramaSwiftUI";
				PRODUCT_NAME = "$(TARGET_NAME)";
				SWIFT_VERSION = 5.0;
				TARGETED_DEVICE_FAMILY = "1,2";
			};
			name = Release;
		};
/* End XCBuildConfiguration section */

/* Begin XCConfigurationList section */
		5BB81E0627FB03BB00CB5989 /* Build configuration list for PBXProject "FİlmAramaSwiftUI" */ = {
			isa = XCConfigurationList;
			buildConfigurations = (
				5BB81E1827FB03BD00CB5989 /* Debug */,
				5BB81E1927FB03BD00CB5989 /* Release */,
			);
			defaultConfigurationIsVisible = 0;
			defaultConfigurationName = Release;
		};
		5BB81E1A27FB03BD00CB5989 /* Build configuration list for PBXNativeTarget "FİlmAramaSwiftUI" */ = {
			isa = XCConfigurationList;
			buildConfigurations = (
				5BB81E1B27FB03BD00CB5989 /* Debug */,
				5BB81E1C27FB03BD00CB5989 /* Release */,
			);
			defaultConfigurationIsVisible = 0;
			defaultConfigurationName = Release;
		};
/* End XCConfigurationList section */
	};
	rootObject = 5BB81E0327FB03BB00CB5989 /* Project object */;
}
